
Microsoft Visual Studio Solution File, Format Version 12.00
# Visual Studio Version 17
VisualStudioVersion = 17.0.31903.59
MinimumVisualStudioVersion = 10.0.40219.1
Project("{2150E333-8FDC-42A3-9474-1A3956D46DE8}") = "src", "src", "{827E0CD3-B72D-47B6-A68D-7590B98EB39B}"
EndProject
Project("{FAE04EC0-301F-11D3-BF4B-00C04F79EFBC}") = "PRG.Proof360.Integrations.Domain", "src\PRG.Proof360.Integrations.Domain\PRG.Proof360.Integrations.Domain.csproj", "{B73751DD-8350-41A4-822D-64C465F4E59F}"
EndProject
Project("{FAE04EC0-301F-11D3-BF4B-00C04F79EFBC}") = "PRG.Proof360.Integrations.Core", "src\PRG.Proof360.Integrations.Core\PRG.Proof360.Integrations.Core.csproj", "{070010F6-7F50-4037-8882-87707185CB63}"
EndProject
Project("{FAE04EC0-301F-11D3-BF4B-00C04F79EFBC}") = "PRG.Proof360.Integrations.Application", "src\PRG.Proof360.Integrations.Application\PRG.Proof360.Integrations.Application.csproj", "{311E5189-042A-4A61-8BFB-1566E08BA992}"
EndProject
Project("{FAE04EC0-301F-11D3-BF4B-00C04F79EFBC}") = "PRG.Proof360.Integrations.FieldFlow", "src\PRG.Proof360.Integrations.FieldFlow\PRG.Proof360.Integrations.FieldFlow.csproj", "{C43A36D6-0D22-4D03-8459-5EABD9EED5EF}"
EndProject
Project("{FAE04EC0-301F-11D3-BF4B-00C04F79EFBC}") = "PRG.Proof360.Integrations.Infrastructure", "src\PRG.Proof360.Integrations.Infrastructure\PRG.Proof360.Integrations.Infrastructure.csproj", "{4545F54B-29FB-4B43-9D42-600D72D3FD81}"
EndProject
Project("{FAE04EC0-301F-11D3-BF4B-00C04F79EFBC}") = "PRG.Proof360.Integrations.Api", "src\PRG.Proof360.Integrations.Api\PRG.Proof360.Integrations.Api.csproj", "{D962381E-9433-4BAA-8CC6-26D30A47F749}"
EndProject
Project("{FAE04EC0-301F-11D3-BF4B-00C04F79EFBC}") = "PRG.FieldFlow.Mock", "src\PRG.FieldFlow.Mock\PRG.FieldFlow.Mock.csproj", "{DF5EC7E7-C926-44F9-A79B-8827860EF3DC}"
EndProject
Project("{2150E333-8FDC-42A3-9474-1A3956D46DE8}") = "tests", "tests", "{0AB3BF05-4346-4AA6-1389-037BE0695223}"
EndProject
Project("{FAE04EC0-301F-11D3-BF4B-00C04F79EFBC}") = "PRG.Proof360.Integrations.UnitTests", "tests\PRG.Proof360.Integrations.UnitTests\PRG.Proof360.Integrations.UnitTests.csproj", "{66A349F5-02DF-4A3E-9A0A-CE88D276878A}"
EndProject
Project("{FAE04EC0-301F-11D3-BF4B-00C04F79EFBC}") = "PRG.Proof360.Integrations.IntegrationTests", "tests\PRG.Proof360.Integrations.IntegrationTests\PRG.Proof360.Integrations.IntegrationTests.csproj", "{18A884B6-3928-4786-85FF-4D4C9D469ADE}"
EndProject
Project("{FAE04EC0-301F-11D3-BF4B-00C04F79EFBC}") = "PRG.Proof360.Integrations.ResilienceTests", "tests\PRG.Proof360.Integrations.ResilienceTests\PRG.Proof360.Integrations.ResilienceTests.csproj", "{614C278D-02E6-41D7-9FEA-EFC81B671555}"
EndProject
Project("{FAE04EC0-301F-11D3-BF4B-00C04F79EFBC}") = "PRG.Proof360.Integrations.ArchitectureTests", "tests\PRG.Proof360.Integrations.ArchitectureTests\PRG.Proof360.Integrations.ArchitectureTests.csproj", "{F34EDA17-584B-4C31-8460-9516BD7BA042}"
EndProject
Global
	GlobalSection(SolutionConfigurationPlatforms) = preSolution
		Debug|Any CPU = Debug|Any CPU
		Debug|x64 = Debug|x64
		Debug|x86 = Debug|x86
		Release|Any CPU = Release|Any CPU
		Release|x64 = Release|x64
		Release|x86 = Release|x86
	EndGlobalSection
	GlobalSection(ProjectConfigurationPlatforms) = postSolution
		{B73751DD-8350-41A4-822D-64C465F4E59F}.Debug|Any CPU.ActiveCfg = Debug|Any CPU
		{B73751DD-8350-41A4-822D-64C465F4E59F}.Debug|Any CPU.Build.0 = Debug|Any CPU
		{B73751DD-8350-41A4-822D-64C465F4E59F}.Debug|x64.ActiveCfg = Debug|Any CPU
		{B73751DD-8350-41A4-822D-64C465F4E59F}.Debug|x64.Build.0 = Debug|Any CPU
		{B73751DD-8350-41A4-822D-64C465F4E59F}.Debug|x86.ActiveCfg = Debug|Any CPU
		{B73751DD-8350-41A4-822D-64C465F4E59F}.Debug|x86.Build.0 = Debug|Any CPU
		{B73751DD-8350-41A4-822D-64C465F4E59F}.Release|Any CPU.ActiveCfg = Release|Any CPU
		{B73751DD-8350-41A4-822D-64C465F4E59F}.Release|Any CPU.Build.0 = Release|Any CPU
		{B73751DD-8350-41A4-822D-64C465F4E59F}.Release|x64.ActiveCfg = Release|Any CPU
		{B73751DD-8350-41A4-822D-64C465F4E59F}.Release|x64.Build.0 = Release|Any CPU
		{B73751DD-8350-41A4-822D-64C465F4E59F}.Release|x86.ActiveCfg = Release|Any CPU
		{B73751DD-8350-41A4-822D-64C465F4E59F}.Release|x86.Build.0 = Release|Any CPU
		{070010F6-7F50-4037-8882-87707185CB63}.Debug|Any CPU.ActiveCfg = Debug|Any CPU
		{070010F6-7F50-4037-8882-87707185CB63}.Debug|Any CPU.Build.0 = Debug|Any CPU
		{070010F6-7F50-4037-8882-87707185CB63}.Debug|x64.ActiveCfg = Debug|Any CPU
		{070010F6-7F50-4037-8882-87707185CB63}.Debug|x64.Build.0 = Debug|Any CPU
		{070010F6-7F50-4037-8882-87707185CB63}.Debug|x86.ActiveCfg = Debug|Any CPU
		{070010F6-7F50-4037-8882-87707185CB63}.Debug|x86.Build.0 = Debug|Any CPU
		{070010F6-7F50-4037-8882-87707185CB63}.Release|Any CPU.ActiveCfg = Release|Any CPU
		{070010F6-7F50-4037-8882-87707185CB63}.Release|Any CPU.Build.0 = Release|Any CPU
		{070010F6-7F50-4037-8882-87707185CB63}.Release|x64.ActiveCfg = Release|Any CPU
		{070010F6-7F50-4037-8882-87707185CB63}.Release|x64.Build.0 = Release|Any CPU
		{070010F6-7F50-4037-8882-87707185CB63}.Release|x86.ActiveCfg = Release|Any CPU
		{070010F6-7F50-4037-8882-87707185CB63}.Release|x86.Build.0 = Release|Any CPU
		{311E5189-042A-4A61-8BFB-1566E08BA992}.Debug|Any CPU.ActiveCfg = Debug|Any CPU
		{311E5189-042A-4A61-8BFB-1566E08BA992}.Debug|Any CPU.Build.0 = Debug|Any CPU
		{311E5189-042A-4A61-8BFB-1566E08BA992}.Debug|x64.ActiveCfg = Debug|Any CPU
		{311E5189-042A-4A61-8BFB-1566E08BA992}.Debug|x64.Build.0 = Debug|Any CPU
		{311E5189-042A-4A61-8BFB-1566E08BA992}.Debug|x86.ActiveCfg = Debug|Any CPU
		{311E5189-042A-4A61-8BFB-1566E08BA992}.Debug|x86.Build.0 = Debug|Any CPU
		{311E5189-042A-4A61-8BFB-1566E08BA992}.Release|Any CPU.ActiveCfg = Release|Any CPU
		{311E5189-042A-4A61-8BFB-1566E08BA992}.Release|Any CPU.Build.0 = Release|Any CPU
		{311E5189-042A-4A61-8BFB-1566E08BA992}.Release|x64.ActiveCfg = Release|Any CPU
		{311E5189-042A-4A61-8BFB-1566E08BA992}.Release|x64.Build.0 = Release|Any CPU
		{311E5189-042A-4A61-8BFB-1566E08BA992}.Release|x86.ActiveCfg = Release|Any CPU
		{311E5189-042A-4A61-8BFB-1566E08BA992}.Release|x86.Build.0 = Release|Any CPU
		{C43A36D6-0D22-4D03-8459-5EABD9EED5EF}.Debug|Any CPU.ActiveCfg = Debug|Any CPU
		{C43A36D6-0D22-4D03-8459-5EABD9EED5EF}.Debug|Any CPU.Build.0 = Debug|Any CPU
		{C43A36D6-0D22-4D03-8459-5EABD9EED5EF}.Debug|x64.ActiveCfg = Debug|Any CPU
		{C43A36D6-0D22-4D03-8459-5EABD9EED5EF}.Debug|x64.Build.0 = Debug|Any CPU
		{C43A36D6-0D22-4D03-8459-5EABD9EED5EF}.Debug|x86.ActiveCfg = Debug|Any CPU
		{C43A36D6-0D22-4D03-8459-5EABD9EED5EF}.Debug|x86.Build.0 = Debug|Any CPU
		{C43A36D6-0D22-4D03-8459-5EABD9EED5EF}.Release|Any CPU.ActiveCfg = Release|Any CPU
		{C43A36D6-0D22-4D03-8459-5EABD9EED5EF}.Release|Any CPU.Build.0 = Release|Any CPU
		{C43A36D6-0D22-4D03-8459-5EABD9EED5EF}.Release|x64.ActiveCfg = Release|Any CPU
		{C43A36D6-0D22-4D03-8459-5EABD9EED5EF}.Release|x64.Build.0 = Release|Any CPU
		{C43A36D6-0D22-4D03-8459-5EABD9EED5EF}.Release|x86.ActiveCfg = Release|Any CPU
		{C43A36D6-0D22-4D03-8459-5EABD9EED5EF}.Release|x86.Build.0 = Release|Any CPU
		{4545F54B-29FB-4B43-9D42-600D72D3FD81}.Debug|Any CPU.ActiveCfg = Debug|Any CPU
		{4545F54B-29FB-4B43-9D42-600D72D3FD81}.Debug|Any CPU.Build.0 = Debug|Any CPU
		{4545F54B-29FB-4B43-9D42-600D72D3FD81}.Debug|x64.ActiveCfg = Debug|Any CPU
		{4545F54B-29FB-4B43-9D42-600D72D3FD81}.Debug|x64.Build.0 = Debug|Any CPU
		{4545F54B-29FB-4B43-9D42-600D72D3FD81}.Debug|x86.ActiveCfg = Debug|Any CPU
		{4545F54B-29FB-4B43-9D42-600D72D3FD81}.Debug|x86.Build.0 = Debug|Any CPU
		{4545F54B-29FB-4B43-9D42-600D72D3FD81}.Release|Any CPU.ActiveCfg = Release|Any CPU
		{4545F54B-29FB-4B43-9D42-600D72D3FD81}.Release|Any CPU.Build.0 = Release|Any CPU
		{4545F54B-29FB-4B43-9D42-600D72D3FD81}.Release|x64.ActiveCfg = Release|Any CPU
		{4545F54B-29FB-4B43-9D42-600D72D3FD81}.Release|x64.Build.0 = Release|Any CPU
		{4545F54B-29FB-4B43-9D42-600D72D3FD81}.Release|x86.ActiveCfg = Release|Any CPU
		{4545F54B-29FB-4B43-9D42-600D72D3FD81}.Release|x86.Build.0 = Release|Any CPU
		{D962381E-9433-4BAA-8CC6-26D30A47F749}.Debug|Any CPU.ActiveCfg = Debug|Any CPU
		{D962381E-9433-4BAA-8CC6-26D30A47F749}.Debug|Any CPU.Build.0 = Debug|Any CPU
		{D962381E-9433-4BAA-8CC6-26D30A47F749}.Debug|x64.ActiveCfg = Debug|Any CPU
		{D962381E-9433-4BAA-8CC6-26D30A47F749}.Debug|x64.Build.0 = Debug|Any CPU
		{D962381E-9433-4BAA-8CC6-26D30A47F749}.Debug|x86.ActiveCfg = Debug|Any CPU
		{D962381E-9433-4BAA-8CC6-26D30A47F749}.Debug|x86.Build.0 = Debug|Any CPU
		{D962381E-9433-4BAA-8CC6-26D30A47F749}.Release|Any CPU.ActiveCfg = Release|Any CPU
		{D962381E-9433-4BAA-8CC6-26D30A47F749}.Release|Any CPU.Build.0 = Release|Any CPU
		{D962381E-9433-4BAA-8CC6-26D30A47F749}.Release|x64.ActiveCfg = Release|Any CPU
		{D962381E-9433-4BAA-8CC6-26D30A47F749}.Release|x64.Build.0 = Release|Any CPU
		{D962381E-9433-4BAA-8CC6-26D30A47F749}.Release|x86.ActiveCfg = Release|Any CPU
		{D962381E-9433-4BAA-8CC6-26D30A47F749}.Release|x86.Build.0 = Release|Any CPU
		{DF5EC7E7-C926-44F9-A79B-8827860EF3DC}.Debug|Any CPU.ActiveCfg = Debug|Any CPU
		{DF5EC7E7-C926-44F9-A79B-8827860EF3DC}.Debug|Any CPU.Build.0 = Debug|Any CPU
		{DF5EC7E7-C926-44F9-A79B-8827860EF3DC}.Debug|x64.ActiveCfg = Debug|Any CPU
		{DF5EC7E7-C926-44F9-A79B-8827860EF3DC}.Debug|x64.Build.0 = Debug|Any CPU
		{DF5EC7E7-C926-44F9-A79B-8827860EF3DC}.Debug|x86.ActiveCfg = Debug|Any CPU
		{DF5EC7E7-C926-44F9-A79B-8827860EF3DC}.Debug|x86.Build.0 = Debug|Any CPU
		{DF5EC7E7-C926-44F9-A79B-8827860EF3DC}.Release|Any CPU.ActiveCfg = Release|Any CPU
		{DF5EC7E7-C926-44F9-A79B-8827860EF3DC}.Release|Any CPU.Build.0 = Release|Any CPU
		{DF5EC7E7-C926-44F9-A79B-8827860EF3DC}.Release|x64.ActiveCfg = Release|Any CPU
		{DF5EC7E7-C926-44F9-A79B-8827860EF3DC}.Release|x64.Build.0 = Release|Any CPU
		{DF5EC7E7-C926-44F9-A79B-8827860EF3DC}.Release|x86.ActiveCfg = Release|Any CPU
		{DF5EC7E7-C926-44F9-A79B-8827860EF3DC}.Release|x86.Build.0 = Release|Any CPU
		{66A349F5-02DF-4A3E-9A0A-CE88D276878A}.Debug|Any CPU.ActiveCfg = Debug|Any CPU
		{66A349F5-02DF-4A3E-9A0A-CE88D276878A}.Debug|Any CPU.Build.0 = Debug|Any CPU
		{66A349F5-02DF-4A3E-9A0A-CE88D276878A}.Debug|x64.ActiveCfg = Debug|Any CPU
		{66A349F5-02DF-4A3E-9A0A-CE88D276878A}.Debug|x64.Build.0 = Debug|Any CPU
		{66A349F5-02DF-4A3E-9A0A-CE88D276878A}.Debug|x86.ActiveCfg = Debug|Any CPU
		{66A349F5-02DF-4A3E-9A0A-CE88D276878A}.Debug|x86.Build.0 = Debug|Any CPU
		{66A349F5-02DF-4A3E-9A0A-CE88D276878A}.Release|Any CPU.ActiveCfg = Release|Any CPU
		{66A349F5-02DF-4A3E-9A0A-CE88D276878A}.Release|Any CPU.Build.0 = Release|Any CPU
		{66A349F5-02DF-4A3E-9A0A-CE88D276878A}.Release|x64.ActiveCfg = Release|Any CPU
		{66A349F5-02DF-4A3E-9A0A-CE88D276878A}.Release|x64.Build.0 = Release|Any CPU
		{66A349F5-02DF-4A3E-9A0A-CE88D276878A}.Release|x86.ActiveCfg = Release|Any CPU
		{66A349F5-02DF-4A3E-9A0A-CE88D276878A}.Release|x86.Build.0 = Release|Any CPU
		{18A884B6-3928-4786-85FF-4D4C9D469ADE}.Debug|Any CPU.ActiveCfg = Debug|Any CPU
		{18A884B6-3928-4786-85FF-4D4C9D469ADE}.Debug|Any CPU.Build.0 = Debug|Any CPU
		{18A884B6-3928-4786-85FF-4D4C9D469ADE}.Debug|x64.ActiveCfg = Debug|Any CPU
		{18A884B6-3928-4786-85FF-4D4C9D469ADE}.Debug|x64.Build.0 = Debug|Any CPU
		{18A884B6-3928-4786-85FF-4D4C9D469ADE}.Debug|x86.ActiveCfg = Debug|Any CPU
		{18A884B6-3928-4786-85FF-4D4C9D469ADE}.Debug|x86.Build.0 = Debug|Any CPU
		{18A884B6-3928-4786-85FF-4D4C9D469ADE}.Release|Any CPU.ActiveCfg = Release|Any CPU
		{18A884B6-3928-4786-85FF-4D4C9D469ADE}.Release|Any CPU.Build.0 = Release|Any CPU
		{18A884B6-3928-4786-85FF-4D4C9D469ADE}.Release|x64.ActiveCfg = Release|Any CPU
		{18A884B6-3928-4786-85FF-4D4C9D469ADE}.Release|x64.Build.0 = Release|Any CPU
		{18A884B6-3928-4786-85FF-4D4C9D469ADE}.Release|x86.ActiveCfg = Release|Any CPU
		{18A884B6-3928-4786-85FF-4D4C9D469ADE}.Release|x86.Build.0 = Release|Any CPU
		{614C278D-02E6-41D7-9FEA-EFC81B671555}.Debug|Any CPU.ActiveCfg = Debug|Any CPU
		{614C278D-02E6-41D7-9FEA-EFC81B671555}.Debug|Any CPU.Build.0 = Debug|Any CPU
		{614C278D-02E6-41D7-9FEA-EFC81B671555}.Debug|x64.ActiveCfg = Debug|Any CPU
		{614C278D-02E6-41D7-9FEA-EFC81B671555}.Debug|x64.Build.0 = Debug|Any CPU
		{614C278D-02E6-41D7-9FEA-EFC81B671555}.Debug|x86.ActiveCfg = Debug|Any CPU
		{614C278D-02E6-41D7-9FEA-EFC81B671555}.Debug|x86.Build.0 = Debug|Any CPU
		{614C278D-02E6-41D7-9FEA-EFC81B671555}.Release|Any CPU.ActiveCfg = Release|Any CPU
		{614C278D-02E6-41D7-9FEA-EFC81B671555}.Release|Any CPU.Build.0 = Release|Any CPU
		{614C278D-02E6-41D7-9FEA-EFC81B671555}.Release|x64.ActiveCfg = Release|Any CPU
		{614C278D-02E6-41D7-9FEA-EFC81B671555}.Release|x64.Build.0 = Release|Any CPU
		{614C278D-02E6-41D7-9FEA-EFC81B671555}.Release|x86.ActiveCfg = Release|Any CPU
		{614C278D-02E6-41D7-9FEA-EFC81B671555}.Release|x86.Build.0 = Release|Any CPU
		{F34EDA17-584B-4C31-8460-9516BD7BA042}.Debug|Any CPU.ActiveCfg = Debug|Any CPU
		{F34EDA17-584B-4C31-8460-9516BD7BA042}.Debug|Any CPU.Build.0 = Debug|Any CPU
		{F34EDA17-584B-4C31-8460-9516BD7BA042}.Debug|x64.ActiveCfg = Debug|Any CPU
		{F34EDA17-584B-4C31-8460-9516BD7BA042}.Debug|x64.Build.0 = Debug|Any CPU
		{F34EDA17-584B-4C31-8460-9516BD7BA042}.Debug|x86.ActiveCfg = Debug|Any CPU
		{F34EDA17-584B-4C31-8460-9516BD7BA042}.Debug|x86.Build.0 = Debug|Any CPU
		{F34EDA17-584B-4C31-8460-9516BD7BA042}.Release|Any CPU.ActiveCfg = Release|Any CPU
		{F34EDA17-584B-4C31-8460-9516BD7BA042}.Release|Any CPU.Build.0 = Release|Any CPU
		{F34EDA17-584B-4C31-8460-9516BD7BA042}.Release|x64.ActiveCfg = Release|Any CPU
		{F34EDA17-584B-4C31-8460-9516BD7BA042}.Release|x64.Build.0 = Release|Any CPU
		{F34EDA17-584B-4C31-8460-9516BD7BA042}.Release|x86.ActiveCfg = Release|Any CPU
		{F34EDA17-584B-4C31-8460-9516BD7BA042}.Release|x86.Build.0 = Release|Any CPU
	EndGlobalSection
	GlobalSection(SolutionProperties) = preSolution
		HideSolutionNode = FALSE
	EndGlobalSection
	GlobalSection(NestedProjects) = preSolution
		{B73751DD-8350-41A4-822D-64C465F4E59F} = {827E0CD3-B72D-47B6-A68D-7590B98EB39B}
		{070010F6-7F50-4037-8882-87707185CB63} = {827E0CD3-B72D-47B6-A68D-7590B98EB39B}
		{311E5189-042A-4A61-8BFB-1566E08BA992} = {827E0CD3-B72D-47B6-A68D-7590B98EB39B}
		{C43A36D6-0D22-4D03-8459-5EABD9EED5EF} = {827E0CD3-B72D-47B6-A68D-7590B98EB39B}
		{4545F54B-29FB-4B43-9D42-600D72D3FD81} = {827E0CD3-B72D-47B6-A68D-7590B98EB39B}
		{D962381E-9433-4BAA-8CC6-26D30A47F749} = {827E0CD3-B72D-47B6-A68D-7590B98EB39B}
		{DF5EC7E7-C926-44F9-A79B-8827860EF3DC} = {827E0CD3-B72D-47B6-A68D-7590B98EB39B}
		{66A349F5-02DF-4A3E-9A0A-CE88D276878A} = {0AB3BF05-4346-4AA6-1389-037BE0695223}
		{18A884B6-3928-4786-85FF-4D4C9D469ADE} = {0AB3BF05-4346-4AA6-1389-037BE0695223}
		{614C278D-02E6-41D7-9FEA-EFC81B671555} = {0AB3BF05-4346-4AA6-1389-037BE0695223}
		{F34EDA17-584B-4C31-8460-9516BD7BA042} = {0AB3BF05-4346-4AA6-1389-037BE0695223}
	EndGlobalSection
EndGlobal
